
Microsoft Visual Studio Solution File, Format Version 12.00
# Visual Studio Version 16
VisualStudioVersion = 16.0.31605.320
MinimumVisualStudioVersion = 10.0.40219.1
Project("{FAE04EC0-301F-11D3-BF4B-00C04F79EFBC}") = "Haeveautomat", "Haeveautomat\Haeveautomat.csproj", "{1232ABE0-807C-4744-9E3B-B341F3DB1ABA}"
EndProject
Project("{FAE04EC0-301F-11D3-BF4B-00C04F79EFBC}") = "Heaveautomat.Tests", "Heaveautomat.Tests\Heaveautomat.Tests.csproj", "{D31A439B-972C-4269-A58D-D5A7D100F66A}"
EndProject
Global
	GlobalSection(SolutionConfigurationPlatforms) = preSolution
		Debug|Any CPU = Debug|Any CPU
		Release|Any CPU = Release|Any CPU
	EndGlobalSection
	GlobalSection(ProjectConfigurationPlatforms) = postSolution
		{1232ABE0-807C-4744-9E3B-B341F3DB1ABA}.Debug|Any CPU.ActiveCfg = Debug|Any CPU
		{1232ABE0-807C-4744-9E3B-B341F3DB1ABA}.Debug|Any CPU.Build.0 = Debug|Any CPU
		{1232ABE0-807C-4744-9E3B-B341F3DB1ABA}.Release|Any CPU.ActiveCfg = Release|Any CPU
		{1232ABE0-807C-4744-9E3B-B341F3DB1ABA}.Release|Any CPU.Build.0 = Release|Any CPU
		{D31A439B-972C-4269-A58D-D5A7D100F66A}.Debug|Any CPU.ActiveCfg = Debug|Any CPU
		{D31A439B-972C-4269-A58D-D5A7D100F66A}.Debug|Any CPU.Build.0 = Debug|Any CPU
		{D31A439B-972C-4269-A58D-D5A7D100F66A}.Release|Any CPU.ActiveCfg = Release|Any CPU
		{D31A439B-972C-4269-A58D-D5A7D100F66A}.Release|Any CPU.Build.0 = Release|Any CPU
	EndGlobalSection
	GlobalSection(SolutionProperties) = preSolution
		HideSolutionNode = FALSE
	EndGlobalSection
	GlobalSection(ExtensibilityGlobals) = postSolution
		SolutionGuid = {73F60A67-D2C7-4BEF-BCF3-4D6B26FB5A21}
	EndGlobalSection
EndGlobal
